
Microsoft Visual Studio Solution File, Format Version 12.00
# Visual Studio 2012
Project("{FAE04EC0-301F-11D3-BF4B-00C04F79EFBC}") = "ListViewDemo.iOS", "ListViewDemo.iOS\ListViewDemo.iOS.csproj", "{370D11A2-4F1E-46F3-9FA7-1E32AADCC9B7}"
EndProject
Project("{D954291E-2A0B-460D-934E-DC6B0785DB48}") = "ListViewDemo", "ListViewDemo\ListViewDemo.shproj", "{6D191914-15BA-4171-8E45-EAC7578CB57B}"
EndProject
Global
	GlobalSection(SolutionConfigurationPlatforms) = preSolution
		Debug|iPhoneSimulator = Debug|iPhoneSimulator
		Release|iPhoneSimulator = Release|iPhoneSimulator
		Debug|iPhone = Debug|iPhone
		Release|iPhone = Release|iPhone
		Ad-Hoc|iPhone = Ad-Hoc|iPhone
		AppStore|iPhone = AppStore|iPhone
	EndGlobalSection
	GlobalSection(ProjectConfigurationPlatforms) = postSolution
		{370D11A2-4F1E-46F3-9FA7-1E32AADCC9B7}.Debug|iPhoneSimulator.ActiveCfg = Debug|iPhoneSimulator
		{370D11A2-4F1E-46F3-9FA7-1E32AADCC9B7}.Debug|iPhoneSimulator.Build.0 = Debug|iPhoneSimulator
		{370D11A2-4F1E-46F3-9FA7-1E32AADCC9B7}.Release|iPhoneSimulator.ActiveCfg = Release|iPhoneSimulator
		{370D11A2-4F1E-46F3-9FA7-1E32AADCC9B7}.Release|iPhoneSimulator.Build.0 = Release|iPhoneSimulator
		{370D11A2-4F1E-46F3-9FA7-1E32AADCC9B7}.Debug|iPhone.ActiveCfg = Debug|iPhone
		{370D11A2-4F1E-46F3-9FA7-1E32AADCC9B7}.Debug|iPhone.Build.0 = Debug|iPhone
		{370D11A2-4F1E-46F3-9FA7-1E32AADCC9B7}.Release|iPhone.ActiveCfg = Release|iPhone
		{370D11A2-4F1E-46F3-9FA7-1E32AADCC9B7}.Release|iPhone.Build.0 = Release|iPhone
		{370D11A2-4F1E-46F3-9FA7-1E32AADCC9B7}.Ad-Hoc|iPhone.ActiveCfg = Ad-Hoc|iPhone
		{370D11A2-4F1E-46F3-9FA7-1E32AADCC9B7}.Ad-Hoc|iPhone.Build.0 = Ad-Hoc|iPhone
		{370D11A2-4F1E-46F3-9FA7-1E32AADCC9B7}.AppStore|iPhone.ActiveCfg = AppStore|iPhone
		{370D11A2-4F1E-46F3-9FA7-1E32AADCC9B7}.AppStore|iPhone.Build.0 = AppStore|iPhone
	EndGlobalSection
EndGlobal
